
Microsoft Visual Studio Solution File, Format Version 12.00
# Visual Studio 14
VisualStudioVersion = 14.0.25123.0
MinimumVisualStudioVersion = 10.0.40219.1
Project("{8BC9CEB8-8B4A-11D0-8D11-00A0C91BC942}") = "KeysAndDoors", "KeysAndDoors\KeysAndDoors.vcxproj", "{7AA51587-0FFD-4218-9B7B-6DA9A1C09AD9}"
EndProject
Project("{8BC9CEB8-8B4A-11D0-8D11-00A0C91BC942}") = "Looping", "Looping\Looping.vcxproj", "{6E82D532-9338-46F9-99ED-2DD1A4D7AD22}"
EndProject
Project("{8BC9CEB8-8B4A-11D0-8D11-00A0C91BC942}") = "OverflowOverloading", "OverflowOverloading\OverflowOverloading.vcxproj", "{7F54D803-44A2-48F6-A7C7-59DA1A33A60C}"
EndProject
Project("{8BC9CEB8-8B4A-11D0-8D11-00A0C91BC942}") = "Wulfers_NumberConverter", "Wulfers_NumberConverter\Wulfers_NumberConverter.vcxproj", "{7E88E511-BC3D-4936-ACC8-C1779B7C07F3}"
EndProject
Global
	GlobalSection(SolutionConfigurationPlatforms) = preSolution
		Debug|x64 = Debug|x64
		Debug|x86 = Debug|x86
		Release|x64 = Release|x64
		Release|x86 = Release|x86
	EndGlobalSection
	GlobalSection(ProjectConfigurationPlatforms) = postSolution
		{7AA51587-0FFD-4218-9B7B-6DA9A1C09AD9}.Debug|x64.ActiveCfg = Debug|x64
		{7AA51587-0FFD-4218-9B7B-6DA9A1C09AD9}.Debug|x64.Build.0 = Debug|x64
		{7AA51587-0FFD-4218-9B7B-6DA9A1C09AD9}.Debug|x86.ActiveCfg = Debug|Win32
		{7AA51587-0FFD-4218-9B7B-6DA9A1C09AD9}.Debug|x86.Build.0 = Debug|Win32
		{7AA51587-0FFD-4218-9B7B-6DA9A1C09AD9}.Release|x64.ActiveCfg = Release|x64
		{7AA51587-0FFD-4218-9B7B-6DA9A1C09AD9}.Release|x64.Build.0 = Release|x64
		{7AA51587-0FFD-4218-9B7B-6DA9A1C09AD9}.Release|x86.ActiveCfg = Release|Win32
		{7AA51587-0FFD-4218-9B7B-6DA9A1C09AD9}.Release|x86.Build.0 = Release|Win32
		{6E82D532-9338-46F9-99ED-2DD1A4D7AD22}.Debug|x64.ActiveCfg = Debug|x64
		{6E82D532-9338-46F9-99ED-2DD1A4D7AD22}.Debug|x64.Build.0 = Debug|x64
		{6E82D532-9338-46F9-99ED-2DD1A4D7AD22}.Debug|x86.ActiveCfg = Debug|Win32
		{6E82D532-9338-46F9-99ED-2DD1A4D7AD22}.Debug|x86.Build.0 = Debug|Win32
		{6E82D532-9338-46F9-99ED-2DD1A4D7AD22}.Release|x64.ActiveCfg = Release|x64
		{6E82D532-9338-46F9-99ED-2DD1A4D7AD22}.Release|x64.Build.0 = Release|x64
		{6E82D532-9338-46F9-99ED-2DD1A4D7AD22}.Release|x86.ActiveCfg = Release|Win32
		{6E82D532-9338-46F9-99ED-2DD1A4D7AD22}.Release|x86.Build.0 = Release|Win32
		{7F54D803-44A2-48F6-A7C7-59DA1A33A60C}.Debug|x64.ActiveCfg = Debug|x64
		{7F54D803-44A2-48F6-A7C7-59DA1A33A60C}.Debug|x64.Build.0 = Debug|x64
		{7F54D803-44A2-48F6-A7C7-59DA1A33A60C}.Debug|x86.ActiveCfg = Debug|Win32
		{7F54D803-44A2-48F6-A7C7-59DA1A33A60C}.Debug|x86.Build.0 = Debug|Win32
		{7F54D803-44A2-48F6-A7C7-59DA1A33A60C}.Release|x64.ActiveCfg = Release|x64
		{7F54D803-44A2-48F6-A7C7-59DA1A33A60C}.Release|x64.Build.0 = Release|x64
		{7F54D803-44A2-48F6-A7C7-59DA1A33A60C}.Release|x86.ActiveCfg = Release|Win32
		{7F54D803-44A2-48F6-A7C7-59DA1A33A60C}.Release|x86.Build.0 = Release|Win32
		{7E88E511-BC3D-4936-ACC8-C1779B7C07F3}.Debug|x64.ActiveCfg = Debug|x64
		{7E88E511-BC3D-4936-ACC8-C1779B7C07F3}.Debug|x64.Build.0 = Debug|x64
		{7E88E511-BC3D-4936-ACC8-C1779B7C07F3}.Debug|x86.ActiveCfg = Debug|Win32
		{7E88E511-BC3D-4936-ACC8-C1779B7C07F3}.Debug|x86.Build.0 = Debug|Win32
		{7E88E511-BC3D-4936-ACC8-C1779B7C07F3}.Release|x64.ActiveCfg = Release|x64
		{7E88E511-BC3D-4936-ACC8-C1779B7C07F3}.Release|x64.Build.0 = Release|x64
		{7E88E511-BC3D-4936-ACC8-C1779B7C07F3}.Release|x86.ActiveCfg = Release|Win32
		{7E88E511-BC3D-4936-ACC8-C1779B7C07F3}.Release|x86.Build.0 = Release|Win32
	EndGlobalSection
	GlobalSection(SolutionProperties) = preSolution
		HideSolutionNode = FALSE
	EndGlobalSection
EndGlobal
